
Microsoft Visual Studio Solution File, Format Version 12.00
# Visual Studio Version 16
VisualStudioVersion = 16.0.32106.194
MinimumVisualStudioVersion = 10.0.40219.1
Project("{FAE04EC0-301F-11D3-BF4B-00C04F79EFBC}") = "BusinessLayer", "BusinessLayer.csproj", "{38DEB849-AEBB-4D19-813C-63B27EA50A8D}"
EndProject
Global
	GlobalSection(SolutionConfigurationPlatforms) = preSolution
		Debug|Any CPU = Debug|Any CPU
		Release|Any CPU = Release|Any CPU
	EndGlobalSection
	GlobalSection(ProjectConfigurationPlatforms) = postSolution
		{38DEB849-AEBB-4D19-813C-63B27EA50A8D}.Debug|Any CPU.ActiveCfg = Debug|Any CPU
		{38DEB849-AEBB-4D19-813C-63B27EA50A8D}.Debug|Any CPU.Build.0 = Debug|Any CPU
		{38DEB849-AEBB-4D19-813C-63B27EA50A8D}.Release|Any CPU.ActiveCfg = Release|Any CPU
		{38DEB849-AEBB-4D19-813C-63B27EA50A8D}.Release|Any CPU.Build.0 = Release|Any CPU
	EndGlobalSection
	GlobalSection(SolutionProperties) = preSolution
		HideSolutionNode = FALSE
	EndGlobalSection
	GlobalSection(ExtensibilityGlobals) = postSolution
		SolutionGuid = {84F66980-F615-4571-913C-FDF0531E07AC}
	EndGlobalSection
EndGlobal
